<?xml version="1.0" encoding="utf-8"?>
<Project ToolsVersion="4.0" xmlns="http://schemas.microsoft.com/developer/msbuild/2003">
  <ItemGroup>
    <Filter Include="源文件">
      <UniqueIdentifier>{4FC737F1-C7A5-4376-A066-2A32D752A2FF}</UniqueIdentifier>
      <Extensions>cpp;c;cc;cxx;c++;cppm;ixx;def;odl;idl;hpj;bat;asm;asmx</Extensions>
    </Filter>
    <Filter Include="头文件">
      <UniqueIdentifier>{93995380-89BD-4b04-88EB-625FBE52EBFB}</UniqueIdentifier>
      <Extensions>h;hh;hpp;hxx;h++;hm;inl;inc;ipp;xsd</Extensions>
    </Filter>
    <Filter Include="资源文件">
      <UniqueIdentifier>{67DA6AB6-F800-4c08-8B7A-83BB121AAD01}</UniqueIdentifier>
      <Extensions>rc;ico;cur;bmp;dlg;rc2;rct;bin;rgs;gif;jpg;jpeg;jpe;resx;tiff;tif;png;wav;mfcribbon-ms</Extensions>
    </Filter>
  </ItemGroup>
  <ItemGroup>
    <ClCompile Include="源.cpp">
      <Filter>源文件</Filter>
    </ClCompile>
  </ItemGroup>
  <ItemGroup>
    <ClInclude Include="Create_Maze.h">
      <Filter>头文件</Filter>
    </ClInclude>
    <ClInclude Include="ButtonBase.h">
      <Filter>头文件</Filter>
    </ClInclude>
    <ClInclude Include="Player_Operate.h">
      <Filter>头文件</Filter>
    </ClInclude>
    <ClInclude Include="AutoPlay_mode.h">
      <Filter>头文件</Filter>
    </ClInclude>
  </ItemGroup>
  <ItemGroup>
    <Image Include="imgs\about.png">
      <Filter>资源文件</Filter>
    </Image>
    <Image Include="imgs\about_hovered.png">
      <Filter>资源文件</Filter>
    </Image>
    <Image Include="imgs\about_pushed.png">
      <Filter>资源文件</Filter>
    </Image>
    <Image Include="imgs\astar.png">
      <Filter>资源文件</Filter>
    </Image>
    <Image Include="imgs\astar_hovered.png">
      <Filter>资源文件</Filter>
    </Image>
    <Image Include="imgs\astar_pushed.png">
      <Filter>资源文件</Filter>
    </Image>
    <Image Include="imgs\autoplay.png">
      <Filter>资源文件</Filter>
    </Image>
    <Image Include="imgs\autoplay_hovered.png">
      <Filter>资源文件</Filter>
    </Image>
    <Image Include="imgs\autoplay_pushed.png">
      <Filter>资源文件</Filter>
    </Image>
    <Image Include="imgs\back.png">
      <Filter>资源文件</Filter>
    </Image>
    <Image Include="imgs\back_hovered.png">
      <Filter>资源文件</Filter>
    </Image>
    <Image Include="imgs\back_pushed.png">
      <Filter>资源文件</Filter>
    </Image>
    <Image Include="imgs\bfs.png">
      <Filter>资源文件</Filter>
    </Image>
    <Image Include="imgs\bfs_hovered.png">
      <Filter>资源文件</Filter>
    </Image>
    <Image Include="imgs\bfs_pushed.png">
      <Filter>资源文件</Filter>
    </Image>
    <Image Include="imgs\dfs.png">
      <Filter>资源文件</Filter>
    </Image>
    <Image Include="imgs\dfs_hovered.png">
      <Filter>资源文件</Filter>
    </Image>
    <Image Include="imgs\dfs_pushed.png">
      <Filter>资源文件</Filter>
    </Image>
    <Image Include="imgs\easy.png">
      <Filter>资源文件</Filter>
    </Image>
    <Image Include="imgs\easy_hovered.png">
      <Filter>资源文件</Filter>
    </Image>
    <Image Include="imgs\easy_pushed.png">
      <Filter>资源文件</Filter>
    </Image>
    <Image Include="imgs\exit.png">
      <Filter>资源文件</Filter>
    </Image>
    <Image Include="imgs\exit_hovered.png">
      <Filter>资源文件</Filter>
    </Image>
    <Image Include="imgs\exit_pushed.png">
      <Filter>资源文件</Filter>
    </Image>
    <Image Include="imgs\hard.png">
      <Filter>资源文件</Filter>
    </Image>
    <Image Include="imgs\hard_hovered.png">
      <Filter>资源文件</Filter>
    </Image>
    <Image Include="imgs\hard_pushed.png">
      <Filter>资源文件</Filter>
    </Image>
    <Image Include="imgs\help.png">
      <Filter>资源文件</Filter>
    </Image>
    <Image Include="imgs\help_hovered.png">
      <Filter>资源文件</Filter>
    </Image>
    <Image Include="imgs\help_pushed.png">
      <Filter>资源文件</Filter>
    </Image>
    <Image Include="imgs\lunatic.png">
      <Filter>资源文件</Filter>
    </Image>
    <Image Include="imgs\lunatic_hovered.png">
      <Filter>资源文件</Filter>
    </Image>
    <Image Include="imgs\lunatic_pushed.png">
      <Filter>资源文件</Filter>
    </Image>
    <Image Include="imgs\normal.png">
      <Filter>资源文件</Filter>
    </Image>
    <Image Include="imgs\normal_hovered.png">
      <Filter>资源文件</Filter>
    </Image>
    <Image Include="imgs\normal_pushed.png">
      <Filter>资源文件</Filter>
    </Image>
    <Image Include="imgs\play.png">
      <Filter>资源文件</Filter>
    </Image>
    <Image Include="imgs\play_hovered.png">
      <Filter>资源文件</Filter>
    </Image>
    <Image Include="imgs\play_pushed.png">
      <Filter>资源文件</Filter>
    </Image>
    <Image Include="imgs\start.png">
      <Filter>资源文件</Filter>
    </Image>
    <Image Include="imgs\start_hovered.png">
      <Filter>资源文件</Filter>
    </Image>
    <Image Include="imgs\start_pushed.png">
      <Filter>资源文件</Filter>
    </Image>
  </ItemGroup>
</Project>